# THIS IS AN AUTOGENERATED FILE. DO NOT EDIT THIS FILE DIRECTLY.
# yarn lockfile v1


"@azure/msal-browser@^2.22.0":
  "integrity" "sha512-L+gSBbJfU3H81Bnj+VIVjO7jRpt2Ex+4i2YVOPE50ykfQ5W9mtBFMRCHb1K+8FzTeyQH/KkQv6bC+MdaU+3LEw=="
  "resolved" "https://registry.npmjs.org/@azure/msal-browser/-/msal-browser-2.35.0.tgz"
  "version" "2.35.0"
  dependencies:
    "@azure/msal-common" "^12.0.0"

"@azure/msal-common@^12.0.0":
  "integrity" "sha512-SvQl4JWy1yZnxyq0xng/urf103wz68UJG0K9Dq2NM2to7ePA+R1hMisKnXELJvZrEGYANGbh/Hc0T9piGqOteQ=="
  "resolved" "https://registry.npmjs.org/@azure/msal-common/-/msal-common-12.0.0.tgz"
  "version" "12.0.0"

"@babel/runtime@^7.12.5":
  "integrity" "sha512-xwII0//EObnq89Ji5AKYQaRYiW/nZ3llSv29d49IuxPhKbtJoLP+9QUUZ4nVragQVtaVGeZrpB+ZtG/Pdy/POw=="
  "resolved" "https://registry.npmjs.org/@babel/runtime/-/runtime-7.21.0.tgz"
  "version" "7.21.0"
  dependencies:
    "regenerator-runtime" "^0.13.11"

"@lit-labs/ssr-dom-shim@^1.0.0", "@lit-labs/ssr-dom-shim@^1.1.0":
  "integrity" "sha512-92uQ5ARf7UXYrzaFcAX3T2rTvaS9Z1//ukV+DqjACM4c8s0ZBQd7ayJU5Dh2AFLD/Ayuyz4uMmxQec8q3U4Ong=="
  "resolved" "https://registry.npmjs.org/@lit-labs/ssr-dom-shim/-/ssr-dom-shim-1.1.0.tgz"
  "version" "1.1.0"

"@lit/reactive-element@^1.3.0", "@lit/reactive-element@^1.6.0":
  "integrity" "sha512-va15kYZr7KZNNPZdxONGQzpUr+4sxVu7V/VG7a8mRfPPXUyhEYj5RzXCQmGrlP3tAh0L3HHm5AjBMFYRqlM9SA=="
  "resolved" "https://registry.npmjs.org/@lit/reactive-element/-/reactive-element-1.6.1.tgz"
  "version" "1.6.1"
  dependencies:
    "@lit-labs/ssr-dom-shim" "^1.0.0"

"@microsoft/mgt-element@*", "@microsoft/mgt-element@file:H:\\source\\repos\\microsoft-graph-toolkit\\packages\\mgt-element":
  "resolved" "file:packages/mgt-element"
  "version" "3.0.1"
  dependencies:
    "@microsoft/microsoft-graph-client" "3.0.2"
    "idb" "6.0.0"
    "lit" "^2.3.1"

"@microsoft/mgt-msal2-provider@file:H:\\source\\repos\\microsoft-graph-toolkit\\packages\\providers\\mgt-msal2-provider":
  "resolved" "file:packages/providers/mgt-msal2-provider"
  "version" "3.0.1"
  dependencies:
    "@azure/msal-browser" "^2.22.0"
    "@microsoft/mgt-element" "*"
    "@microsoft/microsoft-graph-client" "3.0.2"

"@microsoft/microsoft-graph-client@3.0.2":
  "integrity" "sha512-eYDiApYmiGsm1s1jfAa/rhB2xQCsX4pWt0vCTd1LZmiApMQfT/c0hXj2hvpuGz5GrcLdugbu05xB79rIV57Pjw=="
  "resolved" "https://registry.npmjs.org/@microsoft/microsoft-graph-client/-/microsoft-graph-client-3.0.2.tgz"
  "version" "3.0.2"
  dependencies:
    "@babel/runtime" "^7.12.5"
    "tslib" "^2.2.0"

"@types/trusted-types@^2.0.2":
  "integrity" "sha512-NfQ4gyz38SL8sDNrSixxU2Os1a5xcdFxipAFxYEuLUlvU2uDwS4NUpsImcf1//SlWItCVMMLiylsxbmNMToV/g=="
  "resolved" "https://registry.npmjs.org/@types/trusted-types/-/trusted-types-2.0.3.tgz"
  "version" "2.0.3"

"idb@6.0.0":
  "integrity" "sha512-+M367poGtpzAylX4pwcrZIa7cFQLfNkAOlMMLN2kw/2jGfJP6h+TB/unQNSVYwNtP8XqkLYrfuiVnxLQNP1tjA=="
  "resolved" "https://registry.npmjs.org/idb/-/idb-6.0.0.tgz"
  "version" "6.0.0"

"lit-element@^3.3.0":
  "integrity" "sha512-Gl+2409uXWbf7n6cCl7Kzasm7zjT9xmdwi2BhLNi70sRKAgRkqueDu5mSIH3hPYMM0/vqBCdPXod3NbGkRA2ww=="
  "resolved" "https://registry.npmjs.org/lit-element/-/lit-element-3.3.1.tgz"
  "version" "3.3.1"
  dependencies:
    "@lit-labs/ssr-dom-shim" "^1.1.0"
    "@lit/reactive-element" "^1.3.0"
    "lit-html" "^2.7.0"

"lit-html@^2.7.0":
  "integrity" "sha512-ZJCfKlA2XELu5tn7XuzOziGFGvf1SeQm+ngLWoJ8bXtSkRrrR3ms6SWy+gsdxeYwySLij5xAhdd2C3EX0ftxdQ=="
  "resolved" "https://registry.npmjs.org/lit-html/-/lit-html-2.7.2.tgz"
  "version" "2.7.2"
  dependencies:
    "@types/trusted-types" "^2.0.2"

"lit@^2.3.1", "lit@^2.7.5":
  "integrity" "sha512-i/cH7Ye6nBDUASMnfwcictBnsTN91+aBjXoTHF2xARghXScKxpD4F4WYI+VLXg9lqbMinDfvoI7VnZXjyHgdfQ=="
  "resolved" "https://registry.npmjs.org/lit/-/lit-2.7.5.tgz"
  "version" "2.7.5"
  dependencies:
    "@lit/reactive-element" "^1.6.0"
    "lit-element" "^3.3.0"
    "lit-html" "^2.7.0"

"regenerator-runtime@^0.13.11", "regenerator-runtime@^0.13.7":
  "integrity" "sha512-kY1AZVr2Ra+t+piVaJ4gxaFaReZVH40AKNo7UCX6W+dEwBo/2oZJzqfuN1qLq1oL45o56cPaTXELwrTh8Fpggg=="
  "resolved" "https://registry.npmjs.org/regenerator-runtime/-/regenerator-runtime-0.13.11.tgz"
  "version" "0.13.11"

"tslib@^2.2.0":
  "integrity" "sha512-7At1WUettjcSRHXCyYtTselblcHl9PJFFVKiCAy/bY97+BPZXSQ2wbq0P9s8tK2G7dFQfNnlJnPAiArVBVBsfA=="
  "resolved" "https://registry.npmjs.org/tslib/-/tslib-2.6.0.tgz"
  "version" "2.6.0"
