
Microsoft Visual Studio Solution File, Format Version 12.00
# Visual Studio Version 16
VisualStudioVersion = 16.0.30002.166
MinimumVisualStudioVersion = 10.0.40219.1
Project("{FAE04EC0-301F-11D3-BF4B-00C04F79EFBC}") = "mgt-netcore", "mgt-netcore.csproj", "{303A09F7-68A3-4010-B802-FB2A96A491F4}"
EndProject
Global
	GlobalSection(SolutionConfigurationPlatforms) = preSolution
		Debug|Any CPU = Debug|Any CPU
		Release|Any CPU = Release|Any CPU
	EndGlobalSection
	GlobalSection(ProjectConfigurationPlatforms) = postSolution
		{303A09F7-68A3-4010-B802-FB2A96A491F4}.Debug|Any CPU.ActiveCfg = Debug|Any CPU
		{303A09F7-68A3-4010-B802-FB2A96A491F4}.Debug|Any CPU.Build.0 = Debug|Any CPU
		{303A09F7-68A3-4010-B802-FB2A96A491F4}.Release|Any CPU.ActiveCfg = Release|Any CPU
		{303A09F7-68A3-4010-B802-FB2A96A491F4}.Release|Any CPU.Build.0 = Release|Any CPU
	EndGlobalSection
	GlobalSection(SolutionProperties) = preSolution
		HideSolutionNode = FALSE
	EndGlobalSection
	GlobalSection(ExtensibilityGlobals) = postSolution
		SolutionGuid = {1209990C-61E8-46B0-B0C0-D96BF4B961F1}
	EndGlobalSection
EndGlobal
