
Microsoft Visual Studio Solution File, Format Version 12.00
# Visual Studio Version 16
VisualStudioVersion = 16.0.31112.23
MinimumVisualStudioVersion = 10.0.40219.1
Project("{FAE04EC0-301F-11D3-BF4B-00C04F79EFBC}") = "mgt_sso", "mgt_sso.csproj", "{5659A5E5-0EF9-416E-A469-7EB0C8954BDF}"
EndProject
Global
	GlobalSection(SolutionConfigurationPlatforms) = preSolution
		Debug|Any CPU = Debug|Any CPU
		Release|Any CPU = Release|Any CPU
	EndGlobalSection
	GlobalSection(ProjectConfigurationPlatforms) = postSolution
		{5659A5E5-0EF9-416E-A469-7EB0C8954BDF}.Debug|Any CPU.ActiveCfg = Debug|Any CPU
		{5659A5E5-0EF9-416E-A469-7EB0C8954BDF}.Debug|Any CPU.Build.0 = Debug|Any CPU
		{5659A5E5-0EF9-416E-A469-7EB0C8954BDF}.Release|Any CPU.ActiveCfg = Release|Any CPU
		{5659A5E5-0EF9-416E-A469-7EB0C8954BDF}.Release|Any CPU.Build.0 = Release|Any CPU
	EndGlobalSection
	GlobalSection(SolutionProperties) = preSolution
		HideSolutionNode = FALSE
	EndGlobalSection
	GlobalSection(ExtensibilityGlobals) = postSolution
		SolutionGuid = {C0935F25-387F-4433-AC74-2FB25EC71AF1}
	EndGlobalSection
EndGlobal
