{
	"name": "@microsoft/mgt-react",
	"version": "1.3.0-preview.3",
	"lockfileVersion": 1,
	"requires": true,
	"dependencies": {
		"@microsoft/microsoft-graph-types": {
			"version": "1.13.0",
			"resolved": "https://offnet.pkgs.visualstudio.com/officenet/_packaging/fluid/npm/registry/@microsoft/microsoft-graph-types/-/microsoft-graph-types-1.13.0.tgz",
			"integrity": "sha1-MWUdBSCh/fj8vGvK8bfWlLX003s="
		},
		"@microsoft/microsoft-graph-types-beta": {
			"version": "github:microsoftgraph/msgraph-typescript-typings#04bd155b713068532da364527085f3eb0e957c38",
			"from": "github:microsoftgraph/msgraph-typescript-typings#beta"
		},
		"@nodelib/fs.scandir": {
			"version": "2.1.3",
			"resolved": "https://offnet.pkgs.visualstudio.com/officenet/_packaging/fluid/npm/registry/@nodelib/fs.scandir/-/fs.scandir-2.1.3.tgz",
			"integrity": "sha1-Olgr21OATGum0UZXnEblITDPSjs=",
			"dev": true,
			"requires": {
				"@nodelib/fs.stat": "2.0.3",
				"run-parallel": "^1.1.9"
			}
		},
		"@nodelib/fs.stat": {
			"version": "2.0.3",
			"resolved": "https://offnet.pkgs.visualstudio.com/officenet/_packaging/fluid/npm/registry/@nodelib/fs.stat/-/fs.stat-2.0.3.tgz",
			"integrity": "sha1-NNxfTKu8cg9OYPdadH5+zWwXW9M=",
			"dev": true
		},
		"@nodelib/fs.walk": {
			"version": "1.2.4",
			"resolved": "https://offnet.pkgs.visualstudio.com/officenet/_packaging/fluid/npm/registry/@nodelib/fs.walk/-/fs.walk-1.2.4.tgz",
			"integrity": "sha1-ARuSAqcKY2bkNspcBlhEUoqwSXY=",
			"dev": true,
			"requires": {
				"@nodelib/fs.scandir": "2.1.3",
				"fastq": "^1.6.0"
			}
		},
		"@types/color-name": {
			"version": "1.1.1",
			"resolved": "https://offnet.pkgs.visualstudio.com/officenet/_packaging/fluid/npm/registry/@types/color-name/-/color-name-1.1.1.tgz",
			"integrity": "sha1-HBJhu+qhCoBVu8XYq4S3sq/IRqA=",
			"dev": true
		},
		"@types/prop-types": {
			"version": "15.7.3",
			"resolved": "https://offnet.pkgs.visualstudio.com/officenet/_packaging/fluid/npm/registry/@types/prop-types/-/prop-types-15.7.3.tgz",
			"integrity": "sha1-KrDV2i5YFflLC51LldHl8kOrLKc=",
			"dev": true
		},
		"@types/react": {
			"version": "16.9.43",
			"resolved": "https://offnet.pkgs.visualstudio.com/officenet/_packaging/fluid/npm/registry/@types/react/-/react-16.9.43.tgz",
			"integrity": "sha1-wofyP2GJZm7jvrwuuND4S8ts22s=",
			"dev": true,
			"requires": {
				"@types/prop-types": "*",
				"csstype": "^2.2.0"
			}
		},
		"@types/react-dom": {
			"version": "16.9.8",
			"resolved": "https://offnet.pkgs.visualstudio.com/officenet/_packaging/fluid/npm/registry/@types/react-dom/-/react-dom-16.9.8.tgz",
			"integrity": "sha1-/kweEd/GcVVzPfpqplEItJcctCM=",
			"dev": true,
			"requires": {
				"@types/react": "*"
			}
		},
		"ansi-regex": {
			"version": "5.0.0",
			"resolved": "https://offnet.pkgs.visualstudio.com/officenet/_packaging/fluid/npm/registry/ansi-regex/-/ansi-regex-5.0.0.tgz",
			"integrity": "sha1-OIU59VF5vzkznIGvMKZU1p+Hy3U=",
			"dev": true
		},
		"ansi-styles": {
			"version": "4.2.1",
			"resolved": "https://offnet.pkgs.visualstudio.com/officenet/_packaging/fluid/npm/registry/ansi-styles/-/ansi-styles-4.2.1.tgz",
			"integrity": "sha1-kK51xCTQCNJiTFvynq0xd+v881k=",
			"dev": true,
			"requires": {
				"@types/color-name": "^1.1.1",
				"color-convert": "^2.0.1"
			}
		},
		"at-least-node": {
			"version": "1.0.0",
			"resolved": "https://offnet.pkgs.visualstudio.com/officenet/_packaging/fluid/npm/registry/at-least-node/-/at-least-node-1.0.0.tgz",
			"integrity": "sha1-YCzUtG6EStTv/JKoARo8RuAjjcI=",
			"dev": true
		},
		"braces": {
			"version": "3.0.2",
			"resolved": "https://offnet.pkgs.visualstudio.com/officenet/_packaging/fluid/npm/registry/braces/-/braces-3.0.2.tgz",
			"integrity": "sha1-NFThpGLujVmeI23zNs2epPiv4Qc=",
			"dev": true,
			"requires": {
				"fill-range": "^7.0.1"
			}
		},
		"camelcase": {
			"version": "5.3.1",
			"resolved": "https://offnet.pkgs.visualstudio.com/officenet/_packaging/fluid/npm/registry/camelcase/-/camelcase-5.3.1.tgz",
			"integrity": "sha1-48mzFWnhBoEd8kL3FXJaH0xJQyA=",
			"dev": true
		},
		"cliui": {
			"version": "6.0.0",
			"resolved": "https://offnet.pkgs.visualstudio.com/officenet/_packaging/fluid/npm/registry/cliui/-/cliui-6.0.0.tgz",
			"integrity": "sha1-UR1wLAxOQcoVbX0OlgIfI+EyJbE=",
			"dev": true,
			"requires": {
				"string-width": "^4.2.0",
				"strip-ansi": "^6.0.0",
				"wrap-ansi": "^6.2.0"
			}
		},
		"color-convert": {
			"version": "2.0.1",
			"resolved": "https://offnet.pkgs.visualstudio.com/officenet/_packaging/fluid/npm/registry/color-convert/-/color-convert-2.0.1.tgz",
			"integrity": "sha1-ctOmjVmMm9s68q0ehPIdiWq9TeM=",
			"dev": true,
			"requires": {
				"color-name": "~1.1.4"
			}
		},
		"color-name": {
			"version": "1.1.4",
			"resolved": "https://offnet.pkgs.visualstudio.com/officenet/_packaging/fluid/npm/registry/color-name/-/color-name-1.1.4.tgz",
			"integrity": "sha1-wqCah6y95pVD3m9j+jmVyCbFNqI=",
			"dev": true
		},
		"csstype": {
			"version": "2.6.11",
			"resolved": "https://offnet.pkgs.visualstudio.com/officenet/_packaging/fluid/npm/registry/csstype/-/csstype-2.6.11.tgz",
			"integrity": "sha1-RS9NAkFJ7PJgqFKwJeNlYqJT/8U=",
			"dev": true
		},
		"decamelize": {
			"version": "1.2.0",
			"resolved": "https://offnet.pkgs.visualstudio.com/officenet/_packaging/fluid/npm/registry/decamelize/-/decamelize-1.2.0.tgz",
			"integrity": "sha1-9lNNFRSCabIDUue+4m9QH5oZEpA=",
			"dev": true
		},
		"emoji-regex": {
			"version": "8.0.0",
			"resolved": "https://offnet.pkgs.visualstudio.com/officenet/_packaging/fluid/npm/registry/emoji-regex/-/emoji-regex-8.0.0.tgz",
			"integrity": "sha1-6Bj9ac5cz8tARZT4QpY79TFkzDc=",
			"dev": true
		},
		"fast-glob": {
			"version": "3.2.4",
			"resolved": "https://offnet.pkgs.visualstudio.com/officenet/_packaging/fluid/npm/registry/fast-glob/-/fast-glob-3.2.4.tgz",
			"integrity": "sha1-0grvv5lXk4Pn88xmUpFYybmFVNM=",
			"dev": true,
			"requires": {
				"@nodelib/fs.stat": "^2.0.2",
				"@nodelib/fs.walk": "^1.2.3",
				"glob-parent": "^5.1.0",
				"merge2": "^1.3.0",
				"micromatch": "^4.0.2",
				"picomatch": "^2.2.1"
			}
		},
		"fastq": {
			"version": "1.8.0",
			"resolved": "https://offnet.pkgs.visualstudio.com/officenet/_packaging/fluid/npm/registry/fastq/-/fastq-1.8.0.tgz",
			"integrity": "sha1-VQ4fn1m7xl/hhctqm02VNXEH9IE=",
			"dev": true,
			"requires": {
				"reusify": "^1.0.4"
			}
		},
		"fill-range": {
			"version": "7.0.1",
			"resolved": "https://offnet.pkgs.visualstudio.com/officenet/_packaging/fluid/npm/registry/fill-range/-/fill-range-7.0.1.tgz",
			"integrity": "sha1-GRmmp8df44ssfHflGYU12prN2kA=",
			"dev": true,
			"requires": {
				"to-regex-range": "^5.0.1"
			}
		},
		"find-up": {
			"version": "4.1.0",
			"resolved": "https://offnet.pkgs.visualstudio.com/officenet/_packaging/fluid/npm/registry/find-up/-/find-up-4.1.0.tgz",
			"integrity": "sha1-l6/n1s3AvFkoWEt8jXsW6KmqXRk=",
			"dev": true,
			"requires": {
				"locate-path": "^5.0.0",
				"path-exists": "^4.0.0"
			}
		},
		"fs-extra": {
			"version": "9.0.1",
			"resolved": "https://offnet.pkgs.visualstudio.com/officenet/_packaging/fluid/npm/registry/fs-extra/-/fs-extra-9.0.1.tgz",
			"integrity": "sha1-kQ2gBiQ3ukw5/t2GPxZ1zP78ufw=",
			"dev": true,
			"requires": {
				"at-least-node": "^1.0.0",
				"graceful-fs": "^4.2.0",
				"jsonfile": "^6.0.1",
				"universalify": "^1.0.0"
			}
		},
		"get-caller-file": {
			"version": "2.0.5",
			"resolved": "https://offnet.pkgs.visualstudio.com/officenet/_packaging/fluid/npm/registry/get-caller-file/-/get-caller-file-2.0.5.tgz",
			"integrity": "sha1-T5RBKoLbMvNuOwuXQfipf+sDH34=",
			"dev": true
		},
		"glob-parent": {
			"version": "5.1.1",
			"resolved": "https://offnet.pkgs.visualstudio.com/officenet/_packaging/fluid/npm/registry/glob-parent/-/glob-parent-5.1.1.tgz",
			"integrity": "sha1-tsHvQXxOVmPqSY8cRa+saRa7wik=",
			"dev": true,
			"requires": {
				"is-glob": "^4.0.1"
			}
		},
		"graceful-fs": {
			"version": "4.2.4",
			"resolved": "https://offnet.pkgs.visualstudio.com/officenet/_packaging/fluid/npm/registry/graceful-fs/-/graceful-fs-4.2.4.tgz",
			"integrity": "sha1-Ila94U02MpWMRl68ltxGfKB6Kfs=",
			"dev": true
		},
		"is-extglob": {
			"version": "2.1.1",
			"resolved": "https://offnet.pkgs.visualstudio.com/officenet/_packaging/fluid/npm/registry/is-extglob/-/is-extglob-2.1.1.tgz",
			"integrity": "sha1-qIwCU1eR8C7TfHahueqXc8gz+MI=",
			"dev": true
		},
		"is-fullwidth-code-point": {
			"version": "3.0.0",
			"resolved": "https://offnet.pkgs.visualstudio.com/officenet/_packaging/fluid/npm/registry/is-fullwidth-code-point/-/is-fullwidth-code-point-3.0.0.tgz",
			"integrity": "sha1-8Rb4Bk/pCz94RKOJl8C3UFEmnx0=",
			"dev": true
		},
		"is-glob": {
			"version": "4.0.1",
			"resolved": "https://offnet.pkgs.visualstudio.com/officenet/_packaging/fluid/npm/registry/is-glob/-/is-glob-4.0.1.tgz",
			"integrity": "sha1-dWfb6fL14kZ7x3q4PEopSCQHpdw=",
			"dev": true,
			"requires": {
				"is-extglob": "^2.1.1"
			}
		},
		"is-number": {
			"version": "7.0.0",
			"resolved": "https://offnet.pkgs.visualstudio.com/officenet/_packaging/fluid/npm/registry/is-number/-/is-number-7.0.0.tgz",
			"integrity": "sha1-dTU0W4lnNNX4DE0GxQlVUnoU8Ss=",
			"dev": true
		},
		"js-tokens": {
			"version": "4.0.0",
			"resolved": "https://offnet.pkgs.visualstudio.com/officenet/_packaging/fluid/npm/registry/js-tokens/-/js-tokens-4.0.0.tgz",
			"integrity": "sha1-GSA/tZmR35jjoocFDUZHzerzJJk=",
			"dev": true
		},
		"jsonfile": {
			"version": "6.0.1",
			"resolved": "https://offnet.pkgs.visualstudio.com/officenet/_packaging/fluid/npm/registry/jsonfile/-/jsonfile-6.0.1.tgz",
			"integrity": "sha1-mJZsuiFDeMjIS4LghZB7QL9hQXk=",
			"dev": true,
			"requires": {
				"graceful-fs": "^4.1.6",
				"universalify": "^1.0.0"
			}
		},
		"locate-path": {
			"version": "5.0.0",
			"resolved": "https://offnet.pkgs.visualstudio.com/officenet/_packaging/fluid/npm/registry/locate-path/-/locate-path-5.0.0.tgz",
			"integrity": "sha1-Gvujlq/WdqbUJQTQpno6frn2KqA=",
			"dev": true,
			"requires": {
				"p-locate": "^4.1.0"
			}
		},
		"loose-envify": {
			"version": "1.4.0",
			"resolved": "https://offnet.pkgs.visualstudio.com/officenet/_packaging/fluid/npm/registry/loose-envify/-/loose-envify-1.4.0.tgz",
			"integrity": "sha1-ce5R+nvkyuwaY4OffmgtgTLTDK8=",
			"dev": true,
			"requires": {
				"js-tokens": "^3.0.0 || ^4.0.0"
			}
		},
		"merge2": {
			"version": "1.4.1",
			"resolved": "https://offnet.pkgs.visualstudio.com/officenet/_packaging/fluid/npm/registry/merge2/-/merge2-1.4.1.tgz",
			"integrity": "sha1-Q2iJL4hekHRVpv19xVwMnUBJkK4=",
			"dev": true
		},
		"micromatch": {
			"version": "4.0.2",
			"resolved": "https://offnet.pkgs.visualstudio.com/officenet/_packaging/fluid/npm/registry/micromatch/-/micromatch-4.0.2.tgz",
			"integrity": "sha1-T8sJmb+fvC/L3SEvbWKbmlbDklk=",
			"dev": true,
			"requires": {
				"braces": "^3.0.1",
				"picomatch": "^2.0.5"
			}
		},
		"object-assign": {
			"version": "4.1.1",
			"resolved": "https://offnet.pkgs.visualstudio.com/officenet/_packaging/fluid/npm/registry/object-assign/-/object-assign-4.1.1.tgz",
			"integrity": "sha1-IQmtx5ZYh8/AXLvUQsrIv7s2CGM=",
			"dev": true
		},
		"p-limit": {
			"version": "2.3.0",
			"resolved": "https://offnet.pkgs.visualstudio.com/officenet/_packaging/fluid/npm/registry/p-limit/-/p-limit-2.3.0.tgz",
			"integrity": "sha1-PdM8ZHohT9//2DWTPrCG2g3CHbE=",
			"dev": true,
			"requires": {
				"p-try": "^2.0.0"
			}
		},
		"p-locate": {
			"version": "4.1.0",
			"resolved": "https://offnet.pkgs.visualstudio.com/officenet/_packaging/fluid/npm/registry/p-locate/-/p-locate-4.1.0.tgz",
			"integrity": "sha1-o0KLtwiLOmApL2aRkni3wpetTwc=",
			"dev": true,
			"requires": {
				"p-limit": "^2.2.0"
			}
		},
		"p-try": {
			"version": "2.2.0",
			"resolved": "https://offnet.pkgs.visualstudio.com/officenet/_packaging/fluid/npm/registry/p-try/-/p-try-2.2.0.tgz",
			"integrity": "sha1-yyhoVA4xPWHeWPr741zpAE1VQOY=",
			"dev": true
		},
		"path-exists": {
			"version": "4.0.0",
			"resolved": "https://offnet.pkgs.visualstudio.com/officenet/_packaging/fluid/npm/registry/path-exists/-/path-exists-4.0.0.tgz",
			"integrity": "sha1-UTvb4tO5XXdi6METfvoZXGxhtbM=",
			"dev": true
		},
		"picomatch": {
			"version": "2.2.2",
			"resolved": "https://offnet.pkgs.visualstudio.com/officenet/_packaging/fluid/npm/registry/picomatch/-/picomatch-2.2.2.tgz",
			"integrity": "sha1-IfMz6ba46v8CRo9RRupAbTRfTa0=",
			"dev": true
		},
		"prop-types": {
			"version": "15.7.2",
			"resolved": "https://offnet.pkgs.visualstudio.com/officenet/_packaging/fluid/npm/registry/prop-types/-/prop-types-15.7.2.tgz",
			"integrity": "sha1-UsQedbjIfnK52TYOAga5ncv/psU=",
			"dev": true,
			"requires": {
				"loose-envify": "^1.4.0",
				"object-assign": "^4.1.1",
				"react-is": "^16.8.1"
			}
		},
		"react": {
			"version": "16.13.1",
			"resolved": "https://offnet.pkgs.visualstudio.com/officenet/_packaging/fluid/npm/registry/react/-/react-16.13.1.tgz",
			"integrity": "sha1-LoGIIvGpdDEiwGPWQQ2FweOv5I4=",
			"dev": true,
			"requires": {
				"loose-envify": "^1.1.0",
				"object-assign": "^4.1.1",
				"prop-types": "^15.6.2"
			}
		},
		"react-dom": {
			"version": "16.13.1",
			"resolved": "https://offnet.pkgs.visualstudio.com/officenet/_packaging/fluid/npm/registry/react-dom/-/react-dom-16.13.1.tgz",
			"integrity": "sha1-wb03MxoEhsB47lTEdAcgmTsuDn8=",
			"dev": true,
			"requires": {
				"loose-envify": "^1.1.0",
				"object-assign": "^4.1.1",
				"prop-types": "^15.6.2",
				"scheduler": "^0.19.1"
			}
		},
		"react-is": {
			"version": "16.13.1",
			"resolved": "https://offnet.pkgs.visualstudio.com/officenet/_packaging/fluid/npm/registry/react-is/-/react-is-16.13.1.tgz",
			"integrity": "sha1-eJcppNw23imZ3BVt1sHZwYzqVqQ=",
			"dev": true
		},
		"require-directory": {
			"version": "2.1.1",
			"resolved": "https://offnet.pkgs.visualstudio.com/officenet/_packaging/fluid/npm/registry/require-directory/-/require-directory-2.1.1.tgz",
			"integrity": "sha1-jGStX9MNqxyXbiNE/+f3kqam30I=",
			"dev": true
		},
		"require-main-filename": {
			"version": "2.0.0",
			"resolved": "https://offnet.pkgs.visualstudio.com/officenet/_packaging/fluid/npm/registry/require-main-filename/-/require-main-filename-2.0.0.tgz",
			"integrity": "sha1-0LMp7MfMD2Fkn2IhW+aa9UqomJs=",
			"dev": true
		},
		"reusify": {
			"version": "1.0.4",
			"resolved": "https://offnet.pkgs.visualstudio.com/officenet/_packaging/fluid/npm/registry/reusify/-/reusify-1.0.4.tgz",
			"integrity": "sha1-kNo4Kx4SbvwCFG6QhFqI2xKSXXY=",
			"dev": true
		},
		"run-parallel": {
			"version": "1.1.9",
			"resolved": "https://offnet.pkgs.visualstudio.com/officenet/_packaging/fluid/npm/registry/run-parallel/-/run-parallel-1.1.9.tgz",
			"integrity": "sha1-yd06fPn0ssS2JE4XOm7YZuYd1nk=",
			"dev": true
		},
		"scheduler": {
			"version": "0.19.1",
			"resolved": "https://offnet.pkgs.visualstudio.com/officenet/_packaging/fluid/npm/registry/scheduler/-/scheduler-0.19.1.tgz",
			"integrity": "sha1-Tz4u0sGn1laB9MhU+oxaHMtA8ZY=",
			"dev": true,
			"requires": {
				"loose-envify": "^1.1.0",
				"object-assign": "^4.1.1"
			}
		},
		"set-blocking": {
			"version": "2.0.0",
			"resolved": "https://offnet.pkgs.visualstudio.com/officenet/_packaging/fluid/npm/registry/set-blocking/-/set-blocking-2.0.0.tgz",
			"integrity": "sha1-BF+XgtARrppoA93TgrJDkrPYkPc=",
			"dev": true
		},
		"string-width": {
			"version": "4.2.0",
			"resolved": "https://offnet.pkgs.visualstudio.com/officenet/_packaging/fluid/npm/registry/string-width/-/string-width-4.2.0.tgz",
			"integrity": "sha1-lSGCxGzHssMT0VluYjmSvRY7crU=",
			"dev": true,
			"requires": {
				"emoji-regex": "^8.0.0",
				"is-fullwidth-code-point": "^3.0.0",
				"strip-ansi": "^6.0.0"
			}
		},
		"strip-ansi": {
			"version": "6.0.0",
			"resolved": "https://offnet.pkgs.visualstudio.com/officenet/_packaging/fluid/npm/registry/strip-ansi/-/strip-ansi-6.0.0.tgz",
			"integrity": "sha1-CxVx3XZpzNTz4G4U7x7tJiJa5TI=",
			"dev": true,
			"requires": {
				"ansi-regex": "^5.0.0"
			}
		},
		"to-regex-range": {
			"version": "5.0.1",
			"resolved": "https://offnet.pkgs.visualstudio.com/officenet/_packaging/fluid/npm/registry/to-regex-range/-/to-regex-range-5.0.1.tgz",
			"integrity": "sha1-FkjESq58jZiKMmAY7XL1tN0DkuQ=",
			"dev": true,
			"requires": {
				"is-number": "^7.0.0"
			}
		},
		"ts-simple-type": {
			"version": "1.0.6",
			"resolved": "https://offnet.pkgs.visualstudio.com/officenet/_packaging/fluid/npm/registry/ts-simple-type/-/ts-simple-type-1.0.6.tgz",
			"integrity": "sha1-8Y0mwmlzW66XvQdBpynrNag5Ghw=",
			"dev": true
		},
		"typescript": {
			"version": "3.9.6",
			"resolved": "https://offnet.pkgs.visualstudio.com/officenet/_packaging/fluid/npm/registry/typescript/-/typescript-3.9.6.tgz",
			"integrity": "sha1-jz4BmKNMOuFwkbNVcdOv0xmZNlo=",
			"dev": true
		},
		"universalify": {
			"version": "1.0.0",
			"resolved": "https://offnet.pkgs.visualstudio.com/officenet/_packaging/fluid/npm/registry/universalify/-/universalify-1.0.0.tgz",
			"integrity": "sha1-thodoXPoQ1sv48Z9Kbmt+FlL0W0=",
			"dev": true
		},
		"wc-react": {
			"version": "0.3.1",
			"resolved": "https://offnet.pkgs.visualstudio.com/officenet/_packaging/fluid/npm/registry/wc-react/-/wc-react-0.3.1.tgz",
			"integrity": "sha1-mM8QMWwCEVXe4IY7/nU+j7zcntY="
		},
		"web-component-analyzer": {
			"version": "1.1.4",
			"resolved": "https://offnet.pkgs.visualstudio.com/officenet/_packaging/fluid/npm/registry/web-component-analyzer/-/web-component-analyzer-1.1.4.tgz",
			"integrity": "sha1-CFrL7rOcgdZeZTT/bd2v9tuBH3A=",
			"dev": true,
			"requires": {
				"fast-glob": "^3.2.2",
				"ts-simple-type": "~1.0.5",
				"typescript": "^3.8.3",
				"yargs": "^15.3.1"
			}
		},
		"which-module": {
			"version": "2.0.0",
			"resolved": "https://offnet.pkgs.visualstudio.com/officenet/_packaging/fluid/npm/registry/which-module/-/which-module-2.0.0.tgz",
			"integrity": "sha1-2e8H3Od7mQK4o6j6SzHD4/fm6Ho=",
			"dev": true
		},
		"wrap-ansi": {
			"version": "6.2.0",
			"resolved": "https://offnet.pkgs.visualstudio.com/officenet/_packaging/fluid/npm/registry/wrap-ansi/-/wrap-ansi-6.2.0.tgz",
			"integrity": "sha1-6Tk7oHEC5skaOyIUePAlfNKFblM=",
			"dev": true,
			"requires": {
				"ansi-styles": "^4.0.0",
				"string-width": "^4.1.0",
				"strip-ansi": "^6.0.0"
			}
		},
		"y18n": {
			"version": "4.0.0",
			"resolved": "https://offnet.pkgs.visualstudio.com/officenet/_packaging/fluid/npm/registry/y18n/-/y18n-4.0.0.tgz",
			"integrity": "sha1-le+U+F7MgdAHwmThkKEg8KPIVms=",
			"dev": true
		},
		"yargs": {
			"version": "15.4.1",
			"resolved": "https://offnet.pkgs.visualstudio.com/officenet/_packaging/fluid/npm/registry/yargs/-/yargs-15.4.1.tgz",
			"integrity": "sha1-DYehbeAa7p2L7Cv7909nhRcw9Pg=",
			"dev": true,
			"requires": {
				"cliui": "^6.0.0",
				"decamelize": "^1.2.0",
				"find-up": "^4.1.0",
				"get-caller-file": "^2.0.1",
				"require-directory": "^2.1.1",
				"require-main-filename": "^2.0.0",
				"set-blocking": "^2.0.0",
				"string-width": "^4.2.0",
				"which-module": "^2.0.0",
				"y18n": "^4.0.0",
				"yargs-parser": "^18.1.2"
			}
		},
		"yargs-parser": {
			"version": "18.1.3",
			"resolved": "https://offnet.pkgs.visualstudio.com/officenet/_packaging/fluid/npm/registry/yargs-parser/-/yargs-parser-18.1.3.tgz",
			"integrity": "sha1-vmjEl1xrKr9GkjawyHA2L6sJp7A=",
			"dev": true,
			"requires": {
				"camelcase": "^5.0.0",
				"decamelize": "^1.2.0"
			}
		}
	}
}
