
Microsoft Visual Studio Solution File, Format Version 12.00
# Visual Studio 15
VisualStudioVersion = 15.0.28307.329
MinimumVisualStudioVersion = 10.0.40219.1
Project("{262852C6-CD72-467D-83FE-5EEB1973A190}") = "PWA_test", "PWA_test\PWA_test.jsproj", "{0BFB06AC-92B5-4E63-BB8B-4ECA1B4AD93B}"
EndProject
Global
	GlobalSection(SolutionConfigurationPlatforms) = preSolution
		Debug|Any CPU = Debug|Any CPU
		Debug|ARM = Debug|ARM
		Debug|ARM64 = Debug|ARM64
		Debug|x64 = Debug|x64
		Debug|x86 = Debug|x86
		Release|Any CPU = Release|Any CPU
		Release|ARM = Release|ARM
		Release|ARM64 = Release|ARM64
		Release|x64 = Release|x64
		Release|x86 = Release|x86
	EndGlobalSection
	GlobalSection(ProjectConfigurationPlatforms) = postSolution
		{0BFB06AC-92B5-4E63-BB8B-4ECA1B4AD93B}.Debug|Any CPU.ActiveCfg = Debug|Any CPU
		{0BFB06AC-92B5-4E63-BB8B-4ECA1B4AD93B}.Debug|Any CPU.Build.0 = Debug|Any CPU
		{0BFB06AC-92B5-4E63-BB8B-4ECA1B4AD93B}.Debug|Any CPU.Deploy.0 = Debug|Any CPU
		{0BFB06AC-92B5-4E63-BB8B-4ECA1B4AD93B}.Debug|ARM.ActiveCfg = Debug|ARM
		{0BFB06AC-92B5-4E63-BB8B-4ECA1B4AD93B}.Debug|ARM.Build.0 = Debug|ARM
		{0BFB06AC-92B5-4E63-BB8B-4ECA1B4AD93B}.Debug|ARM.Deploy.0 = Debug|ARM
		{0BFB06AC-92B5-4E63-BB8B-4ECA1B4AD93B}.Debug|ARM64.ActiveCfg = Debug|ARM64
		{0BFB06AC-92B5-4E63-BB8B-4ECA1B4AD93B}.Debug|ARM64.Build.0 = Debug|ARM64
		{0BFB06AC-92B5-4E63-BB8B-4ECA1B4AD93B}.Debug|ARM64.Deploy.0 = Debug|ARM64
		{0BFB06AC-92B5-4E63-BB8B-4ECA1B4AD93B}.Debug|x64.ActiveCfg = Debug|x64
		{0BFB06AC-92B5-4E63-BB8B-4ECA1B4AD93B}.Debug|x64.Build.0 = Debug|x64
		{0BFB06AC-92B5-4E63-BB8B-4ECA1B4AD93B}.Debug|x64.Deploy.0 = Debug|x64
		{0BFB06AC-92B5-4E63-BB8B-4ECA1B4AD93B}.Debug|x86.ActiveCfg = Debug|x86
		{0BFB06AC-92B5-4E63-BB8B-4ECA1B4AD93B}.Debug|x86.Build.0 = Debug|x86
		{0BFB06AC-92B5-4E63-BB8B-4ECA1B4AD93B}.Debug|x86.Deploy.0 = Debug|x86
		{0BFB06AC-92B5-4E63-BB8B-4ECA1B4AD93B}.Release|Any CPU.ActiveCfg = Release|Any CPU
		{0BFB06AC-92B5-4E63-BB8B-4ECA1B4AD93B}.Release|Any CPU.Build.0 = Release|Any CPU
		{0BFB06AC-92B5-4E63-BB8B-4ECA1B4AD93B}.Release|Any CPU.Deploy.0 = Release|Any CPU
		{0BFB06AC-92B5-4E63-BB8B-4ECA1B4AD93B}.Release|ARM.ActiveCfg = Release|ARM
		{0BFB06AC-92B5-4E63-BB8B-4ECA1B4AD93B}.Release|ARM.Build.0 = Release|ARM
		{0BFB06AC-92B5-4E63-BB8B-4ECA1B4AD93B}.Release|ARM.Deploy.0 = Release|ARM
		{0BFB06AC-92B5-4E63-BB8B-4ECA1B4AD93B}.Release|ARM64.ActiveCfg = Release|ARM64
		{0BFB06AC-92B5-4E63-BB8B-4ECA1B4AD93B}.Release|ARM64.Build.0 = Release|ARM64
		{0BFB06AC-92B5-4E63-BB8B-4ECA1B4AD93B}.Release|ARM64.Deploy.0 = Release|ARM64
		{0BFB06AC-92B5-4E63-BB8B-4ECA1B4AD93B}.Release|x64.ActiveCfg = Release|x64
		{0BFB06AC-92B5-4E63-BB8B-4ECA1B4AD93B}.Release|x64.Build.0 = Release|x64
		{0BFB06AC-92B5-4E63-BB8B-4ECA1B4AD93B}.Release|x64.Deploy.0 = Release|x64
		{0BFB06AC-92B5-4E63-BB8B-4ECA1B4AD93B}.Release|x86.ActiveCfg = Release|x86
		{0BFB06AC-92B5-4E63-BB8B-4ECA1B4AD93B}.Release|x86.Build.0 = Release|x86
		{0BFB06AC-92B5-4E63-BB8B-4ECA1B4AD93B}.Release|x86.Deploy.0 = Release|x86
	EndGlobalSection
	GlobalSection(SolutionProperties) = preSolution
		HideSolutionNode = FALSE
	EndGlobalSection
	GlobalSection(ExtensibilityGlobals) = postSolution
		SolutionGuid = {3AAF18AB-F1D9-48E7-A4EB-5926EFB8EE19}
	EndGlobalSection
EndGlobal
