{
	"name": "@microsoft/mgt",
	"version": "1.3.2",
	"lockfileVersion": 1,
	"requires": true,
	"dependencies": {
		"@babel/runtime": {
			"version": "7.10.2",
			"resolved": "https://registry.npmjs.org/@babel/runtime/-/runtime-7.10.2.tgz",
			"integrity": "sha512-6sF3uQw2ivImfVIl62RZ7MXhO2tap69WeWK57vAaimT6AZbE4FbqjdEJIN1UqoD6wI6B+1n9UiagafH1sxjOtg==",
			"requires": {
				"regenerator-runtime": "^0.13.4"
			}
		},
		"@microsoft/microsoft-graph-client": {
			"version": "2.0.0",
			"resolved": "https://registry.npmjs.org/@microsoft/microsoft-graph-client/-/microsoft-graph-client-2.0.0.tgz",
			"integrity": "sha512-njofq1RCCN41ZccJH6/akJWk64fl0k3Csvi1+WS4nKsuev0NqsnmmTYfSBC12GPLOHvZz6ygoGmvE6X8scKkdQ==",
			"requires": {
				"@babel/runtime": "^7.4.4",
				"tslib": "^1.9.3"
			}
		},
		"@microsoft/microsoft-graph-types": {
			"version": "1.12.0",
			"resolved": "https://registry.npmjs.org/@microsoft/microsoft-graph-types/-/microsoft-graph-types-1.12.0.tgz",
			"integrity": "sha512-8zrf0t959li+q5mOzJlfZo1ZBivlazpFSCvI5w+aP2rhCqnW2r8+8V1GwpBRfOrClju8TbVrb9heezOgswhc2g=="
		},
		"@microsoft/microsoft-graph-types-beta": {
			"version": "github:microsoftgraph/msgraph-typescript-typings#04bd155b713068532da364527085f3eb0e957c38",
			"from": "github:microsoftgraph/msgraph-typescript-typings#beta"
		},
		"@open-wc/dedupe-mixin": {
			"version": "1.2.17",
			"resolved": "https://registry.npmjs.org/@open-wc/dedupe-mixin/-/dedupe-mixin-1.2.17.tgz",
			"integrity": "sha512-9A3WohqNxEloJa4y1DuBL5zH12cNRNW1vsrkiaLMnOGuQdhibs2XY1oliudsKpvIeNjDXRVRPUdIIzn65BypCw=="
		},
		"@open-wc/scoped-elements": {
			"version": "1.1.1",
			"resolved": "https://registry.npmjs.org/@open-wc/scoped-elements/-/scoped-elements-1.1.1.tgz",
			"integrity": "sha512-Fx9bFOA14xGeNFQpSeyp6GmqW1vJyETr1qlem9pDS3hlK/HpWUtoBRAPyo4yexjY+aeSsenUeAYDXzPWQgeWXw==",
			"requires": {
				"@open-wc/dedupe-mixin": "^1.2.17",
				"lit-html": "^1.0.0"
			}
		},
		"lit-element": {
			"version": "2.3.1",
			"resolved": "https://registry.npmjs.org/lit-element/-/lit-element-2.3.1.tgz",
			"integrity": "sha512-tOcUAmeO3BzwiQ7FGWdsshNvC0HVHcTFYw/TLIImmKwXYoV0E7zCBASa8IJ7DiP4cen/Yoj454gS0qqTnIGsFA==",
			"requires": {
				"lit-html": "^1.1.1"
			}
		},
		"lit-html": {
			"version": "1.2.1",
			"resolved": "https://registry.npmjs.org/lit-html/-/lit-html-1.2.1.tgz",
			"integrity": "sha512-GSJHHXMGLZDzTRq59IUfL9FCdAlGfqNp/dEa7k7aBaaWD+JKaCjsAk9KYm2V12ItonVaYx2dprN66Zdm1AuBTQ=="
		},
		"msal": {
			"version": "1.3.2",
			"resolved": "https://registry.npmjs.org/msal/-/msal-1.3.2.tgz",
			"integrity": "sha512-vhcpM/ELL+UI7i4HzCegcbSfPMLqf3kp8mAT840bK1ZaDcb7Z1mOJik1jg202V0yfnh/bBPxZhQP6xFgD9g5eA==",
			"requires": {
				"tslib": "^1.9.3"
			}
		},
		"office-ui-fabric-core": {
			"version": "11.0.0",
			"resolved": "https://registry.npmjs.org/office-ui-fabric-core/-/office-ui-fabric-core-11.0.0.tgz",
			"integrity": "sha512-K6+KGnBXXjfSxxZpp+4oDXVLgUc//7OnXrn8F08VoJnGhEz27WUf4ZuMa32SjGoqirWlb4JlKkXbOpC9cis6dQ=="
		},
		"regenerator-runtime": {
			"version": "0.13.5",
			"resolved": "https://registry.npmjs.org/regenerator-runtime/-/regenerator-runtime-0.13.5.tgz",
			"integrity": "sha512-ZS5w8CpKFinUzOwW3c83oPeVXoNsrLsaCoLtJvAClH135j/R77RuymhiSErhm2lKcwSCIpmvIWSbDkIfAqKQlA=="
		},
		"tslib": {
			"version": "1.13.0",
			"resolved": "https://registry.npmjs.org/tslib/-/tslib-1.13.0.tgz",
			"integrity": "sha512-i/6DQjL8Xf3be4K/E6Wgpekn5Qasl1usyw++dAA35Ue5orEn65VIxOA+YvNNl9HV3qv70T7CNwjODHZrLwvd1Q=="
		}
	}
}
